
Microsoft Visual Studio Solution File, Format Version 12.00
# Visual Studio Version 17
VisualStudioVersion = 17.2.32505.173
MinimumVisualStudioVersion = 10.0.40219.1
Project("{FAE04EC0-301F-11D3-BF4B-00C04F79EFBC}") = "EFLoadings-AppSettingTask", "EFLoadings-AppSettingTask\EFLoadings-AppSettingTask.csproj", "{95F7EB7B-6C28-4E36-A4EA-2015E89EE057}"
EndProject
Global
	GlobalSection(SolutionConfigurationPlatforms) = preSolution
		Debug|Any CPU = Debug|Any CPU
		Release|Any CPU = Release|Any CPU
	EndGlobalSection
	GlobalSection(ProjectConfigurationPlatforms) = postSolution
		{95F7EB7B-6C28-4E36-A4EA-2015E89EE057}.Debug|Any CPU.ActiveCfg = Debug|Any CPU
		{95F7EB7B-6C28-4E36-A4EA-2015E89EE057}.Debug|Any CPU.Build.0 = Debug|Any CPU
		{95F7EB7B-6C28-4E36-A4EA-2015E89EE057}.Release|Any CPU.ActiveCfg = Release|Any CPU
		{95F7EB7B-6C28-4E36-A4EA-2015E89EE057}.Release|Any CPU.Build.0 = Release|Any CPU
	EndGlobalSection
	GlobalSection(SolutionProperties) = preSolution
		HideSolutionNode = FALSE
	EndGlobalSection
	GlobalSection(ExtensibilityGlobals) = postSolution
		SolutionGuid = {631FCCD5-C2FE-4C6C-989E-5B85A1AB4CBA}
	EndGlobalSection
EndGlobal
